
Microsoft Visual Studio Solution File, Format Version 12.00
# Visual Studio Version 17
VisualStudioVersion = 17.3.32922.545
MinimumVisualStudioVersion = 10.0.40219.1
Project("{9A19103F-16F7-4668-BE54-9A1E7A4F7556}") = "PoupaDev.API", "PoupaDev.API.csproj", "{06F667EB-822D-4E55-B71C-49CD8E43F744}"
EndProject
Global
	GlobalSection(SolutionConfigurationPlatforms) = preSolution
		Debug|Any CPU = Debug|Any CPU
		Release|Any CPU = Release|Any CPU
	EndGlobalSection
	GlobalSection(ProjectConfigurationPlatforms) = postSolution
		{06F667EB-822D-4E55-B71C-49CD8E43F744}.Debug|Any CPU.ActiveCfg = Debug|Any CPU
		{06F667EB-822D-4E55-B71C-49CD8E43F744}.Debug|Any CPU.Build.0 = Debug|Any CPU
		{06F667EB-822D-4E55-B71C-49CD8E43F744}.Release|Any CPU.ActiveCfg = Release|Any CPU
		{06F667EB-822D-4E55-B71C-49CD8E43F744}.Release|Any CPU.Build.0 = Release|Any CPU
	EndGlobalSection
	GlobalSection(SolutionProperties) = preSolution
		HideSolutionNode = FALSE
	EndGlobalSection
	GlobalSection(ExtensibilityGlobals) = postSolution
		SolutionGuid = {CDE9ABFF-A65E-476E-B46C-D37CCAD3C476}
	EndGlobalSection
EndGlobal
